// !$*UTF8*$!
{
	archiveVersion = 1;
	classes = {
	};
	objectVersion = 46;
	objects = {

/* Begin PBXBuildFile section */
		D21A51CF1D1D05D200037068 /* main.m in Sources */ = {isa = PBXBuildFile; fileRef = D21A51CE1D1D05D200037068 /* main.m */; };
		D21A51D21D1D05D200037068 /* AppDelegate.m in Sources */ = {isa = PBXBuildFile; fileRef = D21A51D11D1D05D200037068 /* AppDelegate.m */; };
		D21A51D51D1D05D200037068 /* ViewController.m in Sources */ = {isa = PBXBuildFile; fileRef = D21A51D41D1D05D200037068 /* ViewController.m */; };
		D21A51D81D1D05D200037068 /* Main.storyboard in Resources */ = {isa = PBXBuildFile; fileRef = D21A51D61D1D05D200037068 /* Main.storyboard */; };
		D21A51DA1D1D05D200037068 /* Assets.xcassets in Resources */ = {isa = PBXBuildFile; fileRef = D21A51D91D1D05D200037068 /* Assets.xcassets */; };
		D21A51DD1D1D05D200037068 /* LaunchScreen.storyboard in Resources */ = {isa = PBXBuildFile; fileRef = D21A51DB1D1D05D200037068 /* LaunchScreen.storyboard */; };
		D21A51E81D1D05D200037068 /* FJSParallaxCollectionViewTests.m in Sources */ = {isa = PBXBuildFile; fileRef = D21A51E71D1D05D200037068 /* FJSParallaxCollectionViewTests.m */; };
		D21A51F31D1D05D200037068 /* FJSParallaxCollectionViewUITests.m in Sources */ = {isa = PBXBuildFile; fileRef = D21A51F21D1D05D200037068 /* FJSParallaxCollectionViewUITests.m */; };
		D21A52021D1D060300037068 /* FJSParallaxCollectionViewCell.m in Sources */ = {isa = PBXBuildFile; fileRef = D21A52011D1D060300037068 /* FJSParallaxCollectionViewCell.m */; };
		D21A521E1D1D061A00037068 /* Info.plist in Resources */ = {isa = PBXBuildFile; fileRef = D21A52041D1D061A00037068 /* Info.plist */; };
		D21A521F1D1D061A00037068 /* MASCompositeConstraint.m in Sources */ = {isa = PBXBuildFile; fileRef = D21A52061D1D061A00037068 /* MASCompositeConstraint.m */; };
		D21A52201D1D061A00037068 /* MASConstraint.m in Sources */ = {isa = PBXBuildFile; fileRef = D21A52091D1D061A00037068 /* MASConstraint.m */; };
		D21A52211D1D061A00037068 /* MASConstraintMaker.m in Sources */ = {isa = PBXBuildFile; fileRef = D21A520B1D1D061A00037068 /* MASConstraintMaker.m */; };
		D21A52221D1D061A00037068 /* MASLayoutConstraint.m in Sources */ = {isa = PBXBuildFile; fileRef = D21A520D1D1D061A00037068 /* MASLayoutConstraint.m */; };
		D21A52231D1D061A00037068 /* MASViewAttribute.m in Sources */ = {isa = PBXBuildFile; fileRef = D21A52111D1D061A00037068 /* MASViewAttribute.m */; };
		D21A52241D1D061A00037068 /* MASViewConstraint.m in Sources */ = {isa = PBXBuildFile; fileRef = D21A52131D1D061A00037068 /* MASViewConstraint.m */; };
		D21A52251D1D061A00037068 /* NSArray+MASAdditions.m in Sources */ = {isa = PBXBuildFile; fileRef = D21A52151D1D061A00037068 /* NSArray+MASAdditions.m */; };
		D21A52261D1D061A00037068 /* NSLayoutConstraint+MASDebugAdditions.m in Sources */ = {isa = PBXBuildFile; fileRef = D21A52181D1D061A00037068 /* NSLayoutConstraint+MASDebugAdditions.m */; };
		D21A52271D1D061A00037068 /* View+MASAdditions.m in Sources */ = {isa = PBXBuildFile; fileRef = D21A521A1D1D061A00037068 /* View+MASAdditions.m */; };
		D21A52281D1D061A00037068 /* ViewController+MASAdditions.m in Sources */ = {isa = PBXBuildFile; fileRef = D21A521D1D1D061A00037068 /* ViewController+MASAdditions.m */; };
		D21A522C1D1D095600037068 /* FJSModel.m in Sources */ = {isa = PBXBuildFile; fileRef = D21A522B1D1D095600037068 /* FJSModel.m */; };
		D21A52381D1D0FE600037068 /* 0.jpg in Resources */ = {isa = PBXBuildFile; fileRef = D21A522E1D1D0FE600037068 /* 0.jpg */; };
		D21A52391D1D0FE600037068 /* 1.jpg in Resources */ = {isa = PBXBuildFile; fileRef = D21A522F1D1D0FE600037068 /* 1.jpg */; };
		D21A523A1D1D0FE600037068 /* 2.jpg in Resources */ = {isa = PBXBuildFile; fileRef = D21A52301D1D0FE600037068 /* 2.jpg */; };
		D21A523B1D1D0FE600037068 /* 3.jpg in Resources */ = {isa = PBXBuildFile; fileRef = D21A52311D1D0FE600037068 /* 3.jpg */; };
		D21A523C1D1D0FE600037068 /* 4.jpg in Resources */ = {isa = PBXBuildFile; fileRef = D21A52321D1D0FE600037068 /* 4.jpg */; };
		D21A523D1D1D0FE600037068 /* 5.jpg in Resources */ = {isa = PBXBuildFile; fileRef = D21A52331D1D0FE600037068 /* 5.jpg */; };
		D21A523E1D1D0FE600037068 /* 6.jpg in Resources */ = {isa = PBXBuildFile; fileRef = D21A52341D1D0FE600037068 /* 6.jpg */; };
		D21A523F1D1D0FE600037068 /* 7.jpg in Resources */ = {isa = PBXBuildFile; fileRef = D21A52351D1D0FE600037068 /* 7.jpg */; };
		D21A52401D1D0FE600037068 /* 8.jpg in Resources */ = {isa = PBXBuildFile; fileRef = D21A52361D1D0FE600037068 /* 8.jpg */; };
		D21A52411D1D0FE600037068 /* 9.jpg in Resources */ = {isa = PBXBuildFile; fileRef = D21A52371D1D0FE600037068 /* 9.jpg */; };
/* End PBXBuildFile section */

/* Begin PBXContainerItemProxy section */
		D21A51E41D1D05D200037068 /* PBXContainerItemProxy */ = {
			isa = PBXContainerItemProxy;
			containerPortal = D21A51C21D1D05D200037068 /* Project object */;
			proxyType = 1;
			remoteGlobalIDString = D21A51C91D1D05D200037068;
			remoteInfo = FJSParallaxCollectionView;
		};
		D21A51EF1D1D05D200037068 /* PBXContainerItemProxy */ = {
			isa = PBXContainerItemProxy;
			containerPortal = D21A51C21D1D05D200037068 /* Project object */;
			proxyType = 1;
			remoteGlobalIDString = D21A51C91D1D05D200037068;
			remoteInfo = FJSParallaxCollectionView;
		};
/* End PBXContainerItemProxy section */

/* Begin PBXFileReference section */
		D21A51CA1D1D05D200037068 /* FJSParallaxCollectionView.app */ = {isa = PBXFileReference; explicitFileType = wrapper.application; includeInIndex = 0; path = FJSParallaxCollectionView.app; sourceTree = BUILT_PRODUCTS_DIR; };
		D21A51CE1D1D05D200037068 /* main.m */ = {isa = PBXFileReference; lastKnownFileType = sourcecode.c.objc; path = main.m; sourceTree = "<group>"; };
		D21A51D01D1D05D200037068 /* AppDelegate.h */ = {isa = PBXFileReference; lastKnownFileType = sourcecode.c.h; path = AppDelegate.h; sourceTree = "<group>"; };
		D21A51D11D1D05D200037068 /* AppDelegate.m */ = {isa = PBXFileReference; lastKnownFileType = sourcecode.c.objc; path = AppDelegate.m; sourceTree = "<group>"; };
		D21A51D31D1D05D200037068 /* ViewController.h */ = {isa = PBXFileReference; lastKnownFileType = sourcecode.c.h; path = ViewController.h; sourceTree = "<group>"; };
		D21A51D41D1D05D200037068 /* ViewController.m */ = {isa = PBXFileReference; lastKnownFileType = sourcecode.c.objc; path = ViewController.m; sourceTree = "<group>"; };
		D21A51D71D1D05D200037068 /* Base */ = {isa = PBXFileReference; lastKnownFileType = file.storyboard; name = Base; path = Base.lproj/Main.storyboard; sourceTree = "<group>"; };
		D21A51D91D1D05D200037068 /* Assets.xcassets */ = {isa = PBXFileReference; lastKnownFileType = folder.assetcatalog; path = Assets.xcassets; sourceTree = "<group>"; };
		D21A51DC1D1D05D200037068 /* Base */ = {isa = PBXFileReference; lastKnownFileType = file.storyboard; name = Base; path = Base.lproj/LaunchScreen.storyboard; sourceTree = "<group>"; };
		D21A51DE1D1D05D200037068 /* Info.plist */ = {isa = PBXFileReference; lastKnownFileType = text.plist.xml; path = Info.plist; sourceTree = "<group>"; };
		D21A51E31D1D05D200037068 /* FJSParallaxCollectionViewTests.xctest */ = {isa = PBXFileReference; explicitFileType = wrapper.cfbundle; includeInIndex = 0; path = FJSParallaxCollectionViewTests.xctest; sourceTree = BUILT_PRODUCTS_DIR; };
		D21A51E71D1D05D200037068 /* FJSParallaxCollectionViewTests.m */ = {isa = PBXFileReference; lastKnownFileType = sourcecode.c.objc; path = FJSParallaxCollectionViewTests.m; sourceTree = "<group>"; };
		D21A51E91D1D05D200037068 /* Info.plist */ = {isa = PBXFileReference; lastKnownFileType = text.plist.xml; path = Info.plist; sourceTree = "<group>"; };
		D21A51EE1D1D05D200037068 /* FJSParallaxCollectionViewUITests.xctest */ = {isa = PBXFileReference; explicitFileType = wrapper.cfbundle; includeInIndex = 0; path = FJSParallaxCollectionViewUITests.xctest; sourceTree = BUILT_PRODUCTS_DIR; };
		D21A51F21D1D05D200037068 /* FJSParallaxCollectionViewUITests.m */ = {isa = PBXFileReference; lastKnownFileType = sourcecode.c.objc; path = FJSParallaxCollectionViewUITests.m; sourceTree = "<group>"; };
		D21A51F41D1D05D200037068 /* Info.plist */ = {isa = PBXFileReference; lastKnownFileType = text.plist.xml; path = Info.plist; sourceTree = "<group>"; };
		D21A52001D1D060300037068 /* FJSParallaxCollectionViewCell.h */ = {isa = PBXFileReference; fileEncoding = 4; lastKnownFileType = sourcecode.c.h; path = FJSParallaxCollectionViewCell.h; sourceTree = "<group>"; };
		D21A52011D1D060300037068 /* FJSParallaxCollectionViewCell.m */ = {isa = PBXFileReference; fileEncoding = 4; lastKnownFileType = sourcecode.c.objc; path = FJSParallaxCollectionViewCell.m; sourceTree = "<group>"; };
		D21A52041D1D061A00037068 /* Info.plist */ = {isa = PBXFileReference; fileEncoding = 4; lastKnownFileType = text.plist.xml; path = Info.plist; sourceTree = "<group>"; };
		D21A52051D1D061A00037068 /* MASCompositeConstraint.h */ = {isa = PBXFileReference; fileEncoding = 4; lastKnownFileType = sourcecode.c.h; path = MASCompositeConstraint.h; sourceTree = "<group>"; };
		D21A52061D1D061A00037068 /* MASCompositeConstraint.m */ = {isa = PBXFileReference; fileEncoding = 4; lastKnownFileType = sourcecode.c.objc; path = MASCompositeConstraint.m; sourceTree = "<group>"; };
		D21A52071D1D061A00037068 /* MASConstraint+Private.h */ = {isa = PBXFileReference; fileEncoding = 4; lastKnownFileType = sourcecode.c.h; path = "MASConstraint+Private.h"; sourceTree = "<group>"; };
		D21A52081D1D061A00037068 /* MASConstraint.h */ = {isa = PBXFileReference; fileEncoding = 4; lastKnownFileType = sourcecode.c.h; path = MASConstraint.h; sourceTree = "<group>"; };
		D21A52091D1D061A00037068 /* MASConstraint.m */ = {isa = PBXFileReference; fileEncoding = 4; lastKnownFileType = sourcecode.c.objc; path = MASConstraint.m; sourceTree = "<group>"; };
		D21A520A1D1D061A00037068 /* MASConstraintMaker.h */ = {isa = PBXFileReference; fileEncoding = 4; lastKnownFileType = sourcecode.c.h; path = MASConstraintMaker.h; sourceTree = "<group>"; };
		D21A520B1D1D061A00037068 /* MASConstraintMaker.m */ = {isa = PBXFileReference; fileEncoding = 4; lastKnownFileType = sourcecode.c.objc; path = MASConstraintMaker.m; sourceTree = "<group>"; };
		D21A520C1D1D061A00037068 /* MASLayoutConstraint.h */ = {isa = PBXFileReference; fileEncoding = 4; lastKnownFileType = sourcecode.c.h; path = MASLayoutConstraint.h; sourceTree = "<group>"; };
		D21A520D1D1D061A00037068 /* MASLayoutConstraint.m */ = {isa = PBXFileReference; fileEncoding = 4; lastKnownFileType = sourcecode.c.objc; path = MASLayoutConstraint.m; sourceTree = "<group>"; };
		D21A520E1D1D061A00037068 /* Masonry.h */ = {isa = PBXFileReference; fileEncoding = 4; lastKnownFileType = sourcecode.c.h; path = Masonry.h; sourceTree = "<group>"; };
		D21A520F1D1D061A00037068 /* MASUtilities.h */ = {isa = PBXFileReference; fileEncoding = 4; lastKnownFileType = sourcecode.c.h; path = MASUtilities.h; sourceTree = "<group>"; };
		D21A52101D1D061A00037068 /* MASViewAttribute.h */ = {isa = PBXFileReference; fileEncoding = 4; lastKnownFileType = sourcecode.c.h; path = MASViewAttribute.h; sourceTree = "<group>"; };
		D21A52111D1D061A00037068 /* MASViewAttribute.m */ = {isa = PBXFileReference; fileEncoding = 4; lastKnownFileType = sourcecode.c.objc; path = MASViewAttribute.m; sourceTree = "<group>"; };
		D21A52121D1D061A00037068 /* MASViewConstraint.h */ = {isa = PBXFileReference; fileEncoding = 4; lastKnownFileType = sourcecode.c.h; path = MASViewConstraint.h; sourceTree = "<group>"; };
		D21A52131D1D061A00037068 /* MASViewConstraint.m */ = {isa = PBXFileReference; fileEncoding = 4; lastKnownFileType = sourcecode.c.objc; path = MASViewConstraint.m; sourceTree = "<group>"; };
		D21A52141D1D061A00037068 /* NSArray+MASAdditions.h */ = {isa = PBXFileReference; fileEncoding = 4; lastKnownFileType = sourcecode.c.h; path = "NSArray+MASAdditions.h"; sourceTree = "<group>"; };
		D21A52151D1D061A00037068 /* NSArray+MASAdditions.m */ = {isa = PBXFileReference; fileEncoding = 4; lastKnownFileType = sourcecode.c.objc; path = "NSArray+MASAdditions.m"; sourceTree = "<group>"; };
		D21A52161D1D061A00037068 /* NSArray+MASShorthandAdditions.h */ = {isa = PBXFileReference; fileEncoding = 4; lastKnownFileType = sourcecode.c.h; path = "NSArray+MASShorthandAdditions.h"; sourceTree = "<group>"; };
		D21A52171D1D061A00037068 /* NSLayoutConstraint+MASDebugAdditions.h */ = {isa = PBXFileReference; fileEncoding = 4; lastKnownFileType = sourcecode.c.h; path = "NSLayoutConstraint+MASDebugAdditions.h"; sourceTree = "<group>"; };
		D21A52181D1D061A00037068 /* NSLayoutConstraint+MASDebugAdditions.m */ = {isa = PBXFileReference; fileEncoding = 4; lastKnownFileType = sourcecode.c.objc; path = "NSLayoutConstraint+MASDebugAdditions.m"; sourceTree = "<group>"; };
		D21A52191D1D061A00037068 /* View+MASAdditions.h */ = {isa = PBXFileReference; fileEncoding = 4; lastKnownFileType = sourcecode.c.h; path = "View+MASAdditions.h"; sourceTree = "<group>"; };
		D21A521A1D1D061A00037068 /* View+MASAdditions.m */ = {isa = PBXFileReference; fileEncoding = 4; lastKnownFileType = sourcecode.c.objc; path = "View+MASAdditions.m"; sourceTree = "<group>"; };
		D21A521B1D1D061A00037068 /* View+MASShorthandAdditions.h */ = {isa = PBXFileReference; fileEncoding = 4; lastKnownFileType = sourcecode.c.h; path = "View+MASShorthandAdditions.h"; sourceTree = "<group>"; };
		D21A521C1D1D061A00037068 /* ViewController+MASAdditions.h */ = {isa = PBXFileReference; fileEncoding = 4; lastKnownFileType = sourcecode.c.h; path = "ViewController+MASAdditions.h"; sourceTree = "<group>"; };
		D21A521D1D1D061A00037068 /* ViewController+MASAdditions.m */ = {isa = PBXFileReference; fileEncoding = 4; lastKnownFileType = sourcecode.c.objc; path = "ViewController+MASAdditions.m"; sourceTree = "<group>"; };
		D21A52291D1D068500037068 /* PrefixHeader.pch */ = {isa = PBXFileReference; lastKnownFileType = sourcecode.c.h; path = PrefixHeader.pch; sourceTree = "<group>"; };
		D21A522A1D1D095600037068 /* FJSModel.h */ = {isa = PBXFileReference; fileEncoding = 4; lastKnownFileType = sourcecode.c.h; path = FJSModel.h; sourceTree = "<group>"; };
		D21A522B1D1D095600037068 /* FJSModel.m */ = {isa = PBXFileReference; fileEncoding = 4; lastKnownFileType = sourcecode.c.objc; path = FJSModel.m; sourceTree = "<group>"; };
		D21A522E1D1D0FE600037068 /* 0.jpg */ = {isa = PBXFileReference; lastKnownFileType = image.jpeg; path = 0.jpg; sourceTree = "<group>"; };
		D21A522F1D1D0FE600037068 /* 1.jpg */ = {isa = PBXFileReference; lastKnownFileType = image.jpeg; path = 1.jpg; sourceTree = "<group>"; };
		D21A52301D1D0FE600037068 /* 2.jpg */ = {isa = PBXFileReference; lastKnownFileType = image.jpeg; path = 2.jpg; sourceTree = "<group>"; };
		D21A52311D1D0FE600037068 /* 3.jpg */ = {isa = PBXFileReference; lastKnownFileType = image.jpeg; path = 3.jpg; sourceTree = "<group>"; };
		D21A52321D1D0FE600037068 /* 4.jpg */ = {isa = PBXFileReference; lastKnownFileType = image.jpeg; path = 4.jpg; sourceTree = "<group>"; };
		D21A52331D1D0FE600037068 /* 5.jpg */ = {isa = PBXFileReference; lastKnownFileType = image.jpeg; path = 5.jpg; sourceTree = "<group>"; };
		D21A52341D1D0FE600037068 /* 6.jpg */ = {isa = PBXFileReference; lastKnownFileType = image.jpeg; path = 6.jpg; sourceTree = "<group>"; };
		D21A52351D1D0FE600037068 /* 7.jpg */ = {isa = PBXFileReference; lastKnownFileType = image.jpeg; path = 7.jpg; sourceTree = "<group>"; };
		D21A52361D1D0FE600037068 /* 8.jpg */ = {isa = PBXFileReference; lastKnownFileType = image.jpeg; path = 8.jpg; sourceTree = "<group>"; };
		D21A52371D1D0FE600037068 /* 9.jpg */ = {isa = PBXFileReference; lastKnownFileType = image.jpeg; path = 9.jpg; sourceTree = "<group>"; };
/* End PBXFileReference section */

/* Begin PBXFrameworksBuildPhase section */
		D21A51C71D1D05D200037068 /* Frameworks */ = {
			isa = PBXFrameworksBuildPhase;
			buildActionMask = 2147483647;
			files = (
			);
			runOnlyForDeploymentPostprocessing = 0;
		};
		D21A51E01D1D05D200037068 /* Frameworks */ = {
			isa = PBXFrameworksBuildPhase;
			buildActionMask = 2147483647;
			files = (
			);
			runOnlyForDeploymentPostprocessing = 0;
		};
		D21A51EB1D1D05D200037068 /* Frameworks */ = {
			isa = PBXFrameworksBuildPhase;
			buildActionMask = 2147483647;
			files = (
			);
			runOnlyForDeploymentPostprocessing = 0;
		};
/* End PBXFrameworksBuildPhase section */

/* Begin PBXGroup section */
		D21A51C11D1D05D200037068 = {
			isa = PBXGroup;
			children = (
				D21A51CC1D1D05D200037068 /* FJSParallaxCollectionView */,
				D21A51E61D1D05D200037068 /* FJSParallaxCollectionViewTests */,
				D21A51F11D1D05D200037068 /* FJSParallaxCollectionViewUITests */,
				D21A51CB1D1D05D200037068 /* Products */,
			);
			sourceTree = "<group>";
		};
		D21A51CB1D1D05D200037068 /* Products */ = {
			isa = PBXGroup;
			children = (
				D21A51CA1D1D05D200037068 /* FJSParallaxCollectionView.app */,
				D21A51E31D1D05D200037068 /* FJSParallaxCollectionViewTests.xctest */,
				D21A51EE1D1D05D200037068 /* FJSParallaxCollectionViewUITests.xctest */,
			);
			name = Products;
			sourceTree = "<group>";
		};
		D21A51CC1D1D05D200037068 /* FJSParallaxCollectionView */ = {
			isa = PBXGroup;
			children = (
				D21A52031D1D061A00037068 /* Masonry */,
				D21A51D01D1D05D200037068 /* AppDelegate.h */,
				D21A51D11D1D05D200037068 /* AppDelegate.m */,
				D21A51D31D1D05D200037068 /* ViewController.h */,
				D21A51D41D1D05D200037068 /* ViewController.m */,
				D21A522D1D1D0FE600037068 /* image */,
				D21A52001D1D060300037068 /* FJSParallaxCollectionViewCell.h */,
				D21A52011D1D060300037068 /* FJSParallaxCollectionViewCell.m */,
				D21A522A1D1D095600037068 /* FJSModel.h */,
				D21A522B1D1D095600037068 /* FJSModel.m */,
				D21A52291D1D068500037068 /* PrefixHeader.pch */,
				D21A51D61D1D05D200037068 /* Main.storyboard */,
				D21A51D91D1D05D200037068 /* Assets.xcassets */,
				D21A51DB1D1D05D200037068 /* LaunchScreen.storyboard */,
				D21A51DE1D1D05D200037068 /* Info.plist */,
				D21A51CD1D1D05D200037068 /* Supporting Files */,
			);
			path = FJSParallaxCollectionView;
			sourceTree = "<group>";
		};
		D21A51CD1D1D05D200037068 /* Supporting Files */ = {
			isa = PBXGroup;
			children = (
				D21A51CE1D1D05D200037068 /* main.m */,
			);
			name = "Supporting Files";
			sourceTree = "<group>";
		};
		D21A51E61D1D05D200037068 /* FJSParallaxCollectionViewTests */ = {
			isa = PBXGroup;
			children = (
				D21A51E71D1D05D200037068 /* FJSParallaxCollectionViewTests.m */,
				D21A51E91D1D05D200037068 /* Info.plist */,
			);
			path = FJSParallaxCollectionViewTests;
			sourceTree = "<group>";
		};
		D21A51F11D1D05D200037068 /* FJSParallaxCollectionViewUITests */ = {
			isa = PBXGroup;
			children = (
				D21A51F21D1D05D200037068 /* FJSParallaxCollectionViewUITests.m */,
				D21A51F41D1D05D200037068 /* Info.plist */,
			);
			path = FJSParallaxCollectionViewUITests;
			sourceTree = "<group>";
		};
		D21A52031D1D061A00037068 /* Masonry */ = {
			isa = PBXGroup;
			children = (
				D21A52041D1D061A00037068 /* Info.plist */,
				D21A52051D1D061A00037068 /* MASCompositeConstraint.h */,
				D21A52061D1D061A00037068 /* MASCompositeConstraint.m */,
				D21A52071D1D061A00037068 /* MASConstraint+Private.h */,
				D21A52081D1D061A00037068 /* MASConstraint.h */,
				D21A52091D1D061A00037068 /* MASConstraint.m */,
				D21A520A1D1D061A00037068 /* MASConstraintMaker.h */,
				D21A520B1D1D061A00037068 /* MASConstraintMaker.m */,
				D21A520C1D1D061A00037068 /* MASLayoutConstraint.h */,
				D21A520D1D1D061A00037068 /* MASLayoutConstraint.m */,
				D21A520E1D1D061A00037068 /* Masonry.h */,
				D21A520F1D1D061A00037068 /* MASUtilities.h */,
				D21A52101D1D061A00037068 /* MASViewAttribute.h */,
				D21A52111D1D061A00037068 /* MASViewAttribute.m */,
				D21A52121D1D061A00037068 /* MASViewConstraint.h */,
				D21A52131D1D061A00037068 /* MASViewConstraint.m */,
				D21A52141D1D061A00037068 /* NSArray+MASAdditions.h */,
				D21A52151D1D061A00037068 /* NSArray+MASAdditions.m */,
				D21A52161D1D061A00037068 /* NSArray+MASShorthandAdditions.h */,
				D21A52171D1D061A00037068 /* NSLayoutConstraint+MASDebugAdditions.h */,
				D21A52181D1D061A00037068 /* NSLayoutConstraint+MASDebugAdditions.m */,
				D21A52191D1D061A00037068 /* View+MASAdditions.h */,
				D21A521A1D1D061A00037068 /* View+MASAdditions.m */,
				D21A521B1D1D061A00037068 /* View+MASShorthandAdditions.h */,
				D21A521C1D1D061A00037068 /* ViewController+MASAdditions.h */,
				D21A521D1D1D061A00037068 /* ViewController+MASAdditions.m */,
			);
			path = Masonry;
			sourceTree = "<group>";
		};
		D21A522D1D1D0FE600037068 /* image */ = {
			isa = PBXGroup;
			children = (
				D21A522E1D1D0FE600037068 /* 0.jpg */,
				D21A522F1D1D0FE600037068 /* 1.jpg */,
				D21A52301D1D0FE600037068 /* 2.jpg */,
				D21A52311D1D0FE600037068 /* 3.jpg */,
				D21A52321D1D0FE600037068 /* 4.jpg */,
				D21A52331D1D0FE600037068 /* 5.jpg */,
				D21A52341D1D0FE600037068 /* 6.jpg */,
				D21A52351D1D0FE600037068 /* 7.jpg */,
				D21A52361D1D0FE600037068 /* 8.jpg */,
				D21A52371D1D0FE600037068 /* 9.jpg */,
			);
			path = image;
			sourceTree = "<group>";
		};
/* End PBXGroup section */

/* Begin PBXNativeTarget section */
		D21A51C91D1D05D200037068 /* FJSParallaxCollectionView */ = {
			isa = PBXNativeTarget;
			buildConfigurationList = D21A51F71D1D05D200037068 /* Build configuration list for PBXNativeTarget "FJSParallaxCollectionView" */;
			buildPhases = (
				D21A51C61D1D05D200037068 /* Sources */,
				D21A51C71D1D05D200037068 /* Frameworks */,
				D21A51C81D1D05D200037068 /* Resources */,
			);
			buildRules = (
			);
			dependencies = (
			);
			name = FJSParallaxCollectionView;
			productName = FJSParallaxCollectionView;
			productReference = D21A51CA1D1D05D200037068 /* FJSParallaxCollectionView.app */;
			productType = "com.apple.product-type.application";
		};
		D21A51E21D1D05D200037068 /* FJSParallaxCollectionViewTests */ = {
			isa = PBXNativeTarget;
			buildConfigurationList = D21A51FA1D1D05D200037068 /* Build configuration list for PBXNativeTarget "FJSParallaxCollectionViewTests" */;
			buildPhases = (
				D21A51DF1D1D05D200037068 /* Sources */,
				D21A51E01D1D05D200037068 /* Frameworks */,
				D21A51E11D1D05D200037068 /* Resources */,
			);
			buildRules = (
			);
			dependencies = (
				D21A51E51D1D05D200037068 /* PBXTargetDependency */,
			);
			name = FJSParallaxCollectionViewTests;
			productName = FJSParallaxCollectionViewTests;
			productReference = D21A51E31D1D05D200037068 /* FJSParallaxCollectionViewTests.xctest */;
			productType = "com.apple.product-type.bundle.unit-test";
		};
		D21A51ED1D1D05D200037068 /* FJSParallaxCollectionViewUITests */ = {
			isa = PBXNativeTarget;
			buildConfigurationList = D21A51FD1D1D05D200037068 /* Build configuration list for PBXNativeTarget "FJSParallaxCollectionViewUITests" */;
			buildPhases = (
				D21A51EA1D1D05D200037068 /* Sources */,
				D21A51EB1D1D05D200037068 /* Frameworks */,
				D21A51EC1D1D05D200037068 /* Resources */,
			);
			buildRules = (
			);
			dependencies = (
				D21A51F01D1D05D200037068 /* PBXTargetDependency */,
			);
			name = FJSParallaxCollectionViewUITests;
			productName = FJSParallaxCollectionViewUITests;
			productReference = D21A51EE1D1D05D200037068 /* FJSParallaxCollectionViewUITests.xctest */;
			productType = "com.apple.product-type.bundle.ui-testing";
		};
/* End PBXNativeTarget section */

/* Begin PBXProject section */
		D21A51C21D1D05D200037068 /* Project object */ = {
			isa = PBXProject;
			attributes = {
				LastUpgradeCheck = 0730;
				ORGANIZATIONNAME = www.fujinshi.com;
				TargetAttributes = {
					D21A51C91D1D05D200037068 = {
						CreatedOnToolsVersion = 7.3.1;
					};
					D21A51E21D1D05D200037068 = {
						CreatedOnToolsVersion = 7.3.1;
						TestTargetID = D21A51C91D1D05D200037068;
					};
					D21A51ED1D1D05D200037068 = {
						CreatedOnToolsVersion = 7.3.1;
						TestTargetID = D21A51C91D1D05D200037068;
					};
				};
			};
			buildConfigurationList = D21A51C51D1D05D200037068 /* Build configuration list for PBXProject "FJSParallaxCollectionView" */;
			compatibilityVersion = "Xcode 3.2";
			developmentRegion = English;
			hasScannedForEncodings = 0;
			knownRegions = (
				en,
				Base,
			);
			mainGroup = D21A51C11D1D05D200037068;
			productRefGroup = D21A51CB1D1D05D200037068 /* Products */;
			projectDirPath = "";
			projectRoot = "";
			targets = (
				D21A51C91D1D05D200037068 /* FJSParallaxCollectionView */,
				D21A51E21D1D05D200037068 /* FJSParallaxCollectionViewTests */,
				D21A51ED1D1D05D200037068 /* FJSParallaxCollectionViewUITests */,
			);
		};
/* End PBXProject section */

/* Begin PBXResourcesBuildPhase section */
		D21A51C81D1D05D200037068 /* Resources */ = {
			isa = PBXResourcesBuildPhase;
			buildActionMask = 2147483647;
			files = (
				D21A52381D1D0FE600037068 /* 0.jpg in Resources */,
				D21A523C1D1D0FE600037068 /* 4.jpg in Resources */,
				D21A521E1D1D061A00037068 /* Info.plist in Resources */,
				D21A523B1D1D0FE600037068 /* 3.jpg in Resources */,
				D21A52411D1D0FE600037068 /* 9.jpg in Resources */,
				D21A523E1D1D0FE600037068 /* 6.jpg in Resources */,
				D21A51DD1D1D05D200037068 /* LaunchScreen.storyboard in Resources */,
				D21A523D1D1D0FE600037068 /* 5.jpg in Resources */,
				D21A51DA1D1D05D200037068 /* Assets.xcassets in Resources */,
				D21A523F1D1D0FE600037068 /* 7.jpg in Resources */,
				D21A52401D1D0FE600037068 /* 8.jpg in Resources */,
				D21A51D81D1D05D200037068 /* Main.storyboard in Resources */,
				D21A523A1D1D0FE600037068 /* 2.jpg in Resources */,
				D21A52391D1D0FE600037068 /* 1.jpg in Resources */,
			);
			runOnlyForDeploymentPostprocessing = 0;
		};
		D21A51E11D1D05D200037068 /* Resources */ = {
			isa = PBXResourcesBuildPhase;
			buildActionMask = 2147483647;
			files = (
			);
			runOnlyForDeploymentPostprocessing = 0;
		};
		D21A51EC1D1D05D200037068 /* Resources */ = {
			isa = PBXResourcesBuildPhase;
			buildActionMask = 2147483647;
			files = (
			);
			runOnlyForDeploymentPostprocessing = 0;
		};
/* End PBXResourcesBuildPhase section */

/* Begin PBXSourcesBuildPhase section */
		D21A51C61D1D05D200037068 /* Sources */ = {
			isa = PBXSourcesBuildPhase;
			buildActionMask = 2147483647;
			files = (
				D21A52211D1D061A00037068 /* MASConstraintMaker.m in Sources */,
				D21A51D51D1D05D200037068 /* ViewController.m in Sources */,
				D21A52021D1D060300037068 /* FJSParallaxCollectionViewCell.m in Sources */,
				D21A52201D1D061A00037068 /* MASConstraint.m in Sources */,
				D21A522C1D1D095600037068 /* FJSModel.m in Sources */,
				D21A52281D1D061A00037068 /* ViewController+MASAdditions.m in Sources */,
				D21A52221D1D061A00037068 /* MASLayoutConstraint.m in Sources */,
				D21A52251D1D061A00037068 /* NSArray+MASAdditions.m in Sources */,
				D21A52241D1D061A00037068 /* MASViewConstraint.m in Sources */,
				D21A52231D1D061A00037068 /* MASViewAttribute.m in Sources */,
				D21A52271D1D061A00037068 /* View+MASAdditions.m in Sources */,
				D21A51D21D1D05D200037068 /* AppDelegate.m in Sources */,
				D21A51CF1D1D05D200037068 /* main.m in Sources */,
				D21A521F1D1D061A00037068 /* MASCompositeConstraint.m in Sources */,
				D21A52261D1D061A00037068 /* NSLayoutConstraint+MASDebugAdditions.m in Sources */,
			);
			runOnlyForDeploymentPostprocessing = 0;
		};
		D21A51DF1D1D05D200037068 /* Sources */ = {
			isa = PBXSourcesBuildPhase;
			buildActionMask = 2147483647;
			files = (
				D21A51E81D1D05D200037068 /* FJSParallaxCollectionViewTests.m in Sources */,
			);
			runOnlyForDeploymentPostprocessing = 0;
		};
		D21A51EA1D1D05D200037068 /* Sources */ = {
			isa = PBXSourcesBuildPhase;
			buildActionMask = 2147483647;
			files = (
				D21A51F31D1D05D200037068 /* FJSParallaxCollectionViewUITests.m in Sources */,
			);
			runOnlyForDeploymentPostprocessing = 0;
		};
/* End PBXSourcesBuildPhase section */

/* Begin PBXTargetDependency section */
		D21A51E51D1D05D200037068 /* PBXTargetDependency */ = {
			isa = PBXTargetDependency;
			target = D21A51C91D1D05D200037068 /* FJSParallaxCollectionView */;
			targetProxy = D21A51E41D1D05D200037068 /* PBXContainerItemProxy */;
		};
		D21A51F01D1D05D200037068 /* PBXTargetDependency */ = {
			isa = PBXTargetDependency;
			target = D21A51C91D1D05D200037068 /* FJSParallaxCollectionView */;
			targetProxy = D21A51EF1D1D05D200037068 /* PBXContainerItemProxy */;
		};
/* End PBXTargetDependency section */

/* Begin PBXVariantGroup section */
		D21A51D61D1D05D200037068 /* Main.storyboard */ = {
			isa = PBXVariantGroup;
			children = (
				D21A51D71D1D05D200037068 /* Base */,
			);
			name = Main.storyboard;
			sourceTree = "<group>";
		};
		D21A51DB1D1D05D200037068 /* LaunchScreen.storyboard */ = {
			isa = PBXVariantGroup;
			children = (
				D21A51DC1D1D05D200037068 /* Base */,
			);
			name = LaunchScreen.storyboard;
			sourceTree = "<group>";
		};
/* End PBXVariantGroup section */

/* Begin XCBuildConfiguration section */
		D21A51F51D1D05D200037068 /* Debug */ = {
			isa = XCBuildConfiguration;
			buildSettings = {
				ALWAYS_SEARCH_USER_PATHS = NO;
				CLANG_ANALYZER_NONNULL = YES;
				CLANG_CXX_LANGUAGE_STANDARD = "gnu++0x";
				CLANG_CXX_LIBRARY = "libc++";
				CLANG_ENABLE_MODULES = YES;
				CLANG_ENABLE_OBJC_ARC = YES;
				CLANG_WARN_BOOL_CONVERSION = YES;
				CLANG_WARN_CONSTANT_CONVERSION = YES;
				CLANG_WARN_DIRECT_OBJC_ISA_USAGE = YES_ERROR;
				CLANG_WARN_EMPTY_BODY = YES;
				CLANG_WARN_ENUM_CONVERSION = YES;
				CLANG_WARN_INT_CONVERSION = YES;
				CLANG_WARN_OBJC_ROOT_CLASS = YES_ERROR;
				CLANG_WARN_UNREACHABLE_CODE = YES;
				CLANG_WARN__DUPLICATE_METHOD_MATCH = YES;
				"CODE_SIGN_IDENTITY[sdk=iphoneos*]" = "iPhone Developer";
				COPY_PHASE_STRIP = NO;
				DEBUG_INFORMATION_FORMAT = dwarf;
				ENABLE_STRICT_OBJC_MSGSEND = YES;
				ENABLE_TESTABILITY = YES;
				GCC_C_LANGUAGE_STANDARD = gnu99;
				GCC_DYNAMIC_NO_PIC = NO;
				GCC_NO_COMMON_BLOCKS = YES;
				GCC_OPTIMIZATION_LEVEL = 0;
				GCC_PREPROCESSOR_DEFINITIONS = (
					"DEBUG=1",
					"$(inherited)",
				);
				GCC_WARN_64_TO_32_BIT_CONVERSION = YES;
				GCC_WARN_ABOUT_RETURN_TYPE = YES_ERROR;
				GCC_WARN_UNDECLARED_SELECTOR = YES;
				GCC_WARN_UNINITIALIZED_AUTOS = YES_AGGRESSIVE;
				GCC_WARN_UNUSED_FUNCTION = YES;
				GCC_WARN_UNUSED_VARIABLE = YES;
				IPHONEOS_DEPLOYMENT_TARGET = 9.3;
				MTL_ENABLE_DEBUG_INFO = YES;
				ONLY_ACTIVE_ARCH = YES;
				SDKROOT = iphoneos;
			};
			name = Debug;
		};
		D21A51F61D1D05D200037068 /* Release */ = {
			isa = XCBuildConfiguration;
			buildSettings = {
				ALWAYS_SEARCH_USER_PATHS = NO;
				CLANG_ANALYZER_NONNULL = YES;
				CLANG_CXX_LANGUAGE_STANDARD = "gnu++0x";
				CLANG_CXX_LIBRARY = "libc++";
				CLANG_ENABLE_MODULES = YES;
				CLANG_ENABLE_OBJC_ARC = YES;
				CLANG_WARN_BOOL_CONVERSION = YES;
				CLANG_WARN_CONSTANT_CONVERSION = YES;
				CLANG_WARN_DIRECT_OBJC_ISA_USAGE = YES_ERROR;
				CLANG_WARN_EMPTY_BODY = YES;
				CLANG_WARN_ENUM_CONVERSION = YES;
				CLANG_WARN_INT_CONVERSION = YES;
				CLANG_WARN_OBJC_ROOT_CLASS = YES_ERROR;
				CLANG_WARN_UNREACHABLE_CODE = YES;
				CLANG_WARN__DUPLICATE_METHOD_MATCH = YES;
				"CODE_SIGN_IDENTITY[sdk=iphoneos*]" = "iPhone Developer";
				COPY_PHASE_STRIP = NO;
				DEBUG_INFORMATION_FORMAT = "dwarf-with-dsym";
				ENABLE_NS_ASSERTIONS = NO;
				ENABLE_STRICT_OBJC_MSGSEND = YES;
				GCC_C_LANGUAGE_STANDARD = gnu99;
				GCC_NO_COMMON_BLOCKS = YES;
				GCC_WARN_64_TO_32_BIT_CONVERSION = YES;
				GCC_WARN_ABOUT_RETURN_TYPE = YES_ERROR;
				GCC_WARN_UNDECLARED_SELECTOR = YES;
				GCC_WARN_UNINITIALIZED_AUTOS = YES_AGGRESSIVE;
				GCC_WARN_UNUSED_FUNCTION = YES;
				GCC_WARN_UNUSED_VARIABLE = YES;
				IPHONEOS_DEPLOYMENT_TARGET = 9.3;
				MTL_ENABLE_DEBUG_INFO = NO;
				SDKROOT = iphoneos;
				VALIDATE_PRODUCT = YES;
			};
			name = Release;
		};
		D21A51F81D1D05D200037068 /* Debug */ = {
			isa = XCBuildConfiguration;
			buildSettings = {
				ASSETCATALOG_COMPILER_APPICON_NAME = AppIcon;
				GCC_PREFIX_HEADER = /Users/fujinshi/Desktop/FJSParallaxCollectionView/FJSParallaxCollectionView/PrefixHeader.pch;
				INFOPLIST_FILE = FJSParallaxCollectionView/Info.plist;
				LD_RUNPATH_SEARCH_PATHS = "$(inherited) @executable_path/Frameworks";
				PRODUCT_BUNDLE_IDENTIFIER = com.biquu.FJSParallaxCollectionView;
				PRODUCT_NAME = "$(TARGET_NAME)";
			};
			name = Debug;
		};
		D21A51F91D1D05D200037068 /* Release */ = {
			isa = XCBuildConfiguration;
			buildSettings = {
				ASSETCATALOG_COMPILER_APPICON_NAME = AppIcon;
				GCC_PREFIX_HEADER = /Users/fujinshi/Desktop/FJSParallaxCollectionView/FJSParallaxCollectionView/PrefixHeader.pch;
				INFOPLIST_FILE = FJSParallaxCollectionView/Info.plist;
				LD_RUNPATH_SEARCH_PATHS = "$(inherited) @executable_path/Frameworks";
				PRODUCT_BUNDLE_IDENTIFIER = com.biquu.FJSParallaxCollectionView;
				PRODUCT_NAME = "$(TARGET_NAME)";
			};
			name = Release;
		};
		D21A51FB1D1D05D200037068 /* Debug */ = {
			isa = XCBuildConfiguration;
			buildSettings = {
				BUNDLE_LOADER = "$(TEST_HOST)";
				INFOPLIST_FILE = FJSParallaxCollectionViewTests/Info.plist;
				LD_RUNPATH_SEARCH_PATHS = "$(inherited) @executable_path/Frameworks @loader_path/Frameworks";
				PRODUCT_BUNDLE_IDENTIFIER = com.biquu.FJSParallaxCollectionViewTests;
				PRODUCT_NAME = "$(TARGET_NAME)";
				TEST_HOST = "$(BUILT_PRODUCTS_DIR)/FJSParallaxCollectionView.app/FJSParallaxCollectionView";
			};
			name = Debug;
		};
		D21A51FC1D1D05D200037068 /* Release */ = {
			isa = XCBuildConfiguration;
			buildSettings = {
				BUNDLE_LOADER = "$(TEST_HOST)";
				INFOPLIST_FILE = FJSParallaxCollectionViewTests/Info.plist;
				LD_RUNPATH_SEARCH_PATHS = "$(inherited) @executable_path/Frameworks @loader_path/Frameworks";
				PRODUCT_BUNDLE_IDENTIFIER = com.biquu.FJSParallaxCollectionViewTests;
				PRODUCT_NAME = "$(TARGET_NAME)";
				TEST_HOST = "$(BUILT_PRODUCTS_DIR)/FJSParallaxCollectionView.app/FJSParallaxCollectionView";
			};
			name = Release;
		};
		D21A51FE1D1D05D200037068 /* Debug */ = {
			isa = XCBuildConfiguration;
			buildSettings = {
				INFOPLIST_FILE = FJSParallaxCollectionViewUITests/Info.plist;
				LD_RUNPATH_SEARCH_PATHS = "$(inherited) @executable_path/Frameworks @loader_path/Frameworks";
				PRODUCT_BUNDLE_IDENTIFIER = com.biquu.FJSParallaxCollectionViewUITests;
				PRODUCT_NAME = "$(TARGET_NAME)";
				TEST_TARGET_NAME = FJSParallaxCollectionView;
			};
			name = Debug;
		};
		D21A51FF1D1D05D200037068 /* Release */ = {
			isa = XCBuildConfiguration;
			buildSettings = {
				INFOPLIST_FILE = FJSParallaxCollectionViewUITests/Info.plist;
				LD_RUNPATH_SEARCH_PATHS = "$(inherited) @executable_path/Frameworks @loader_path/Frameworks";
				PRODUCT_BUNDLE_IDENTIFIER = com.biquu.FJSParallaxCollectionViewUITests;
				PRODUCT_NAME = "$(TARGET_NAME)";
				TEST_TARGET_NAME = FJSParallaxCollectionView;
			};
			name = Release;
		};
/* End XCBuildConfiguration section */

/* Begin XCConfigurationList section */
		D21A51C51D1D05D200037068 /* Build configuration list for PBXProject "FJSParallaxCollectionView" */ = {
			isa = XCConfigurationList;
			buildConfigurations = (
				D21A51F51D1D05D200037068 /* Debug */,
				D21A51F61D1D05D200037068 /* Release */,
			);
			defaultConfigurationIsVisible = 0;
			defaultConfigurationName = Release;
		};
		D21A51F71D1D05D200037068 /* Build configuration list for PBXNativeTarget "FJSParallaxCollectionView" */ = {
			isa = XCConfigurationList;
			buildConfigurations = (
				D21A51F81D1D05D200037068 /* Debug */,
				D21A51F91D1D05D200037068 /* Release */,
			);
			defaultConfigurationIsVisible = 0;
		};
		D21A51FA1D1D05D200037068 /* Build configuration list for PBXNativeTarget "FJSParallaxCollectionViewTests" */ = {
			isa = XCConfigurationList;
			buildConfigurations = (
				D21A51FB1D1D05D200037068 /* Debug */,
				D21A51FC1D1D05D200037068 /* Release */,
			);
			defaultConfigurationIsVisible = 0;
		};
		D21A51FD1D1D05D200037068 /* Build configuration list for PBXNativeTarget "FJSParallaxCollectionViewUITests" */ = {
			isa = XCConfigurationList;
			buildConfigurations = (
				D21A51FE1D1D05D200037068 /* Debug */,
				D21A51FF1D1D05D200037068 /* Release */,
			);
			defaultConfigurationIsVisible = 0;
		};
/* End XCConfigurationList section */
	};
	rootObject = D21A51C21D1D05D200037068 /* Project object */;
}
